
Microsoft Visual Studio Solution File, Format Version 12.00
# Visual Studio Version 16
VisualStudioVersion = 16.0.29006.145
MinimumVisualStudioVersion = 15.0.26124.0
Project("{2150E333-8FDC-42A3-9474-1A3956D46DE8}") = "src", "src", "{8FFDF555-DB50-45F9-9A2D-6410F39151C3}"
	ProjectSection(SolutionItems) = preProject
		src\Directory.Build.props = src\Directory.Build.props
		src\Directory.Build.targets = src\Directory.Build.targets
	EndProjectSection
EndProject
Project("{2150E333-8FDC-42A3-9474-1A3956D46DE8}") = "test", "test", "{DF33E0FB-9790-4654-B60F-8AB22E0CC3D1}"
	ProjectSection(SolutionItems) = preProject
		test\Directory.Build.props = test\Directory.Build.props
		test\Directory.Build.targets = test\Directory.Build.targets
	EndProjectSection
EndProject
Project("{9A19103F-16F7-4668-BE54-9A1E7A4F7556}") = ".build", ".build\.build.csproj", "{55EFAE2F-A7CA-4917-A381-4A6EF5E79610}"
EndProject
Project("{2150E333-8FDC-42A3-9474-1A3956D46DE8}") = ".build", ".build", "{E3DCB78E-EE06-4EA3-88AC-762D8910387C}"
EndProject
Project("{FAE04EC0-301F-11D3-BF4B-00C04F79EFBC}") = "Rocket.Surgery.Extensions.AutoMapper.Tests", "test\AutoMapper.Tests\Rocket.Surgery.Extensions.AutoMapper.Tests.csproj", "{14D67A8F-AC84-4E02-A588-7716EEA939F5}"
EndProject
Project("{FAE04EC0-301F-11D3-BF4B-00C04F79EFBC}") = "Rocket.Surgery.Conventions.AutoMapper", "src\Conventions.AutoMapper\Rocket.Surgery.Conventions.AutoMapper.csproj", "{93D64076-69BF-44FB-8BE3-6488B02DD59E}"
EndProject
Project("{FAE04EC0-301F-11D3-BF4B-00C04F79EFBC}") = "Rocket.Surgery.Conventions.AutoMapper.NewtonsoftJson", "src\Conventions.AutoMapper.NewtonsoftJson\Rocket.Surgery.Conventions.AutoMapper.NewtonsoftJson.csproj", "{57C57A6D-870C-4B5C-8E05-D8D082019F58}"
EndProject
Project("{FAE04EC0-301F-11D3-BF4B-00C04F79EFBC}") = "Rocket.Surgery.Extensions.AutoMapper", "src\Extensions.AutoMapper\Rocket.Surgery.Extensions.AutoMapper.csproj", "{FB2A867A-C0B4-4080-B617-3095D278334E}"
EndProject
Project("{FAE04EC0-301F-11D3-BF4B-00C04F79EFBC}") = "Rocket.Surgery.Extensions.AutoMapper.NewtonsoftJson", "src\Extensions.AutoMapper.NewtonsoftJson\Rocket.Surgery.Extensions.AutoMapper.NewtonsoftJson.csproj", "{542E108D-A378-499B-B5E0-2B1C436D8AEA}"
EndProject
Project("{FAE04EC0-301F-11D3-BF4B-00C04F79EFBC}") = "Rocket.Surgery.Extensions.AutoMapper.SystemTextJson", "src\Extensions.AutoMapper.SystemTextJson\Rocket.Surgery.Extensions.AutoMapper.SystemTextJson.csproj", "{E5B8ABBF-28AB-40ED-B8BF-32C278F665A9}"
EndProject
Project("{FAE04EC0-301F-11D3-BF4B-00C04F79EFBC}") = "Rocket.Surgery.Extensions.AutoMapper.NodaTime", "src\Extensions.AutoMapper.NodaTime\Rocket.Surgery.Extensions.AutoMapper.NodaTime.csproj", "{76DFC73B-79D0-4931-8088-A5F85FE99729}"
EndProject
Global
	GlobalSection(SolutionConfigurationPlatforms) = preSolution
		Debug|Any CPU = Debug|Any CPU
		Debug|x64 = Debug|x64
		Debug|x86 = Debug|x86
		Release|Any CPU = Release|Any CPU
		Release|x64 = Release|x64
		Release|x86 = Release|x86
	EndGlobalSection
	GlobalSection(ProjectConfigurationPlatforms) = postSolution
		{55EFAE2F-A7CA-4917-A381-4A6EF5E79610}.Debug|Any CPU.ActiveCfg = Debug|Any CPU
		{55EFAE2F-A7CA-4917-A381-4A6EF5E79610}.Debug|x64.ActiveCfg = Debug|Any CPU
		{55EFAE2F-A7CA-4917-A381-4A6EF5E79610}.Debug|x64.Build.0 = Debug|Any CPU
		{55EFAE2F-A7CA-4917-A381-4A6EF5E79610}.Debug|x86.ActiveCfg = Debug|Any CPU
		{55EFAE2F-A7CA-4917-A381-4A6EF5E79610}.Debug|x86.Build.0 = Debug|Any CPU
		{55EFAE2F-A7CA-4917-A381-4A6EF5E79610}.Release|Any CPU.ActiveCfg = Release|Any CPU
		{55EFAE2F-A7CA-4917-A381-4A6EF5E79610}.Release|x64.ActiveCfg = Release|Any CPU
		{55EFAE2F-A7CA-4917-A381-4A6EF5E79610}.Release|x64.Build.0 = Release|Any CPU
		{55EFAE2F-A7CA-4917-A381-4A6EF5E79610}.Release|x86.ActiveCfg = Release|Any CPU
		{55EFAE2F-A7CA-4917-A381-4A6EF5E79610}.Release|x86.Build.0 = Release|Any CPU
		{14D67A8F-AC84-4E02-A588-7716EEA939F5}.Debug|Any CPU.ActiveCfg = Debug|Any CPU
		{14D67A8F-AC84-4E02-A588-7716EEA939F5}.Debug|Any CPU.Build.0 = Debug|Any CPU
		{14D67A8F-AC84-4E02-A588-7716EEA939F5}.Debug|x64.ActiveCfg = Debug|Any CPU
		{14D67A8F-AC84-4E02-A588-7716EEA939F5}.Debug|x64.Build.0 = Debug|Any CPU
		{14D67A8F-AC84-4E02-A588-7716EEA939F5}.Debug|x86.ActiveCfg = Debug|Any CPU
		{14D67A8F-AC84-4E02-A588-7716EEA939F5}.Debug|x86.Build.0 = Debug|Any CPU
		{14D67A8F-AC84-4E02-A588-7716EEA939F5}.Release|Any CPU.ActiveCfg = Release|Any CPU
		{14D67A8F-AC84-4E02-A588-7716EEA939F5}.Release|Any CPU.Build.0 = Release|Any CPU
		{14D67A8F-AC84-4E02-A588-7716EEA939F5}.Release|x64.ActiveCfg = Release|Any CPU
		{14D67A8F-AC84-4E02-A588-7716EEA939F5}.Release|x64.Build.0 = Release|Any CPU
		{14D67A8F-AC84-4E02-A588-7716EEA939F5}.Release|x86.ActiveCfg = Release|Any CPU
		{14D67A8F-AC84-4E02-A588-7716EEA939F5}.Release|x86.Build.0 = Release|Any CPU
		{93D64076-69BF-44FB-8BE3-6488B02DD59E}.Debug|Any CPU.ActiveCfg = Debug|Any CPU
		{93D64076-69BF-44FB-8BE3-6488B02DD59E}.Debug|Any CPU.Build.0 = Debug|Any CPU
		{93D64076-69BF-44FB-8BE3-6488B02DD59E}.Debug|x64.ActiveCfg = Debug|Any CPU
		{93D64076-69BF-44FB-8BE3-6488B02DD59E}.Debug|x64.Build.0 = Debug|Any CPU
		{93D64076-69BF-44FB-8BE3-6488B02DD59E}.Debug|x86.ActiveCfg = Debug|Any CPU
		{93D64076-69BF-44FB-8BE3-6488B02DD59E}.Debug|x86.Build.0 = Debug|Any CPU
		{93D64076-69BF-44FB-8BE3-6488B02DD59E}.Release|Any CPU.ActiveCfg = Release|Any CPU
		{93D64076-69BF-44FB-8BE3-6488B02DD59E}.Release|Any CPU.Build.0 = Release|Any CPU
		{93D64076-69BF-44FB-8BE3-6488B02DD59E}.Release|x64.ActiveCfg = Release|Any CPU
		{93D64076-69BF-44FB-8BE3-6488B02DD59E}.Release|x64.Build.0 = Release|Any CPU
		{93D64076-69BF-44FB-8BE3-6488B02DD59E}.Release|x86.ActiveCfg = Release|Any CPU
		{93D64076-69BF-44FB-8BE3-6488B02DD59E}.Release|x86.Build.0 = Release|Any CPU
		{57C57A6D-870C-4B5C-8E05-D8D082019F58}.Debug|Any CPU.ActiveCfg = Debug|Any CPU
		{57C57A6D-870C-4B5C-8E05-D8D082019F58}.Debug|Any CPU.Build.0 = Debug|Any CPU
		{57C57A6D-870C-4B5C-8E05-D8D082019F58}.Debug|x64.ActiveCfg = Debug|Any CPU
		{57C57A6D-870C-4B5C-8E05-D8D082019F58}.Debug|x64.Build.0 = Debug|Any CPU
		{57C57A6D-870C-4B5C-8E05-D8D082019F58}.Debug|x86.ActiveCfg = Debug|Any CPU
		{57C57A6D-870C-4B5C-8E05-D8D082019F58}.Debug|x86.Build.0 = Debug|Any CPU
		{57C57A6D-870C-4B5C-8E05-D8D082019F58}.Release|Any CPU.ActiveCfg = Release|Any CPU
		{57C57A6D-870C-4B5C-8E05-D8D082019F58}.Release|Any CPU.Build.0 = Release|Any CPU
		{57C57A6D-870C-4B5C-8E05-D8D082019F58}.Release|x64.ActiveCfg = Release|Any CPU
		{57C57A6D-870C-4B5C-8E05-D8D082019F58}.Release|x64.Build.0 = Release|Any CPU
		{57C57A6D-870C-4B5C-8E05-D8D082019F58}.Release|x86.ActiveCfg = Release|Any CPU
		{57C57A6D-870C-4B5C-8E05-D8D082019F58}.Release|x86.Build.0 = Release|Any CPU
		{FB2A867A-C0B4-4080-B617-3095D278334E}.Debug|Any CPU.ActiveCfg = Debug|Any CPU
		{FB2A867A-C0B4-4080-B617-3095D278334E}.Debug|Any CPU.Build.0 = Debug|Any CPU
		{FB2A867A-C0B4-4080-B617-3095D278334E}.Debug|x64.ActiveCfg = Debug|Any CPU
		{FB2A867A-C0B4-4080-B617-3095D278334E}.Debug|x64.Build.0 = Debug|Any CPU
		{FB2A867A-C0B4-4080-B617-3095D278334E}.Debug|x86.ActiveCfg = Debug|Any CPU
		{FB2A867A-C0B4-4080-B617-3095D278334E}.Debug|x86.Build.0 = Debug|Any CPU
		{FB2A867A-C0B4-4080-B617-3095D278334E}.Release|Any CPU.ActiveCfg = Release|Any CPU
		{FB2A867A-C0B4-4080-B617-3095D278334E}.Release|Any CPU.Build.0 = Release|Any CPU
		{FB2A867A-C0B4-4080-B617-3095D278334E}.Release|x64.ActiveCfg = Release|Any CPU
		{FB2A867A-C0B4-4080-B617-3095D278334E}.Release|x64.Build.0 = Release|Any CPU
		{FB2A867A-C0B4-4080-B617-3095D278334E}.Release|x86.ActiveCfg = Release|Any CPU
		{FB2A867A-C0B4-4080-B617-3095D278334E}.Release|x86.Build.0 = Release|Any CPU
		{542E108D-A378-499B-B5E0-2B1C436D8AEA}.Debug|Any CPU.ActiveCfg = Debug|Any CPU
		{542E108D-A378-499B-B5E0-2B1C436D8AEA}.Debug|Any CPU.Build.0 = Debug|Any CPU
		{542E108D-A378-499B-B5E0-2B1C436D8AEA}.Debug|x64.ActiveCfg = Debug|Any CPU
		{542E108D-A378-499B-B5E0-2B1C436D8AEA}.Debug|x64.Build.0 = Debug|Any CPU
		{542E108D-A378-499B-B5E0-2B1C436D8AEA}.Debug|x86.ActiveCfg = Debug|Any CPU
		{542E108D-A378-499B-B5E0-2B1C436D8AEA}.Debug|x86.Build.0 = Debug|Any CPU
		{542E108D-A378-499B-B5E0-2B1C436D8AEA}.Release|Any CPU.ActiveCfg = Release|Any CPU
		{542E108D-A378-499B-B5E0-2B1C436D8AEA}.Release|Any CPU.Build.0 = Release|Any CPU
		{542E108D-A378-499B-B5E0-2B1C436D8AEA}.Release|x64.ActiveCfg = Release|Any CPU
		{542E108D-A378-499B-B5E0-2B1C436D8AEA}.Release|x64.Build.0 = Release|Any CPU
		{542E108D-A378-499B-B5E0-2B1C436D8AEA}.Release|x86.ActiveCfg = Release|Any CPU
		{542E108D-A378-499B-B5E0-2B1C436D8AEA}.Release|x86.Build.0 = Release|Any CPU
		{E5B8ABBF-28AB-40ED-B8BF-32C278F665A9}.Debug|Any CPU.ActiveCfg = Debug|Any CPU
		{E5B8ABBF-28AB-40ED-B8BF-32C278F665A9}.Debug|Any CPU.Build.0 = Debug|Any CPU
		{E5B8ABBF-28AB-40ED-B8BF-32C278F665A9}.Debug|x64.ActiveCfg = Debug|Any CPU
		{E5B8ABBF-28AB-40ED-B8BF-32C278F665A9}.Debug|x64.Build.0 = Debug|Any CPU
		{E5B8ABBF-28AB-40ED-B8BF-32C278F665A9}.Debug|x86.ActiveCfg = Debug|Any CPU
		{E5B8ABBF-28AB-40ED-B8BF-32C278F665A9}.Debug|x86.Build.0 = Debug|Any CPU
		{E5B8ABBF-28AB-40ED-B8BF-32C278F665A9}.Release|Any CPU.ActiveCfg = Release|Any CPU
		{E5B8ABBF-28AB-40ED-B8BF-32C278F665A9}.Release|Any CPU.Build.0 = Release|Any CPU
		{E5B8ABBF-28AB-40ED-B8BF-32C278F665A9}.Release|x64.ActiveCfg = Release|Any CPU
		{E5B8ABBF-28AB-40ED-B8BF-32C278F665A9}.Release|x64.Build.0 = Release|Any CPU
		{E5B8ABBF-28AB-40ED-B8BF-32C278F665A9}.Release|x86.ActiveCfg = Release|Any CPU
		{E5B8ABBF-28AB-40ED-B8BF-32C278F665A9}.Release|x86.Build.0 = Release|Any CPU
		{76DFC73B-79D0-4931-8088-A5F85FE99729}.Debug|Any CPU.ActiveCfg = Debug|Any CPU
		{76DFC73B-79D0-4931-8088-A5F85FE99729}.Debug|Any CPU.Build.0 = Debug|Any CPU
		{76DFC73B-79D0-4931-8088-A5F85FE99729}.Debug|x64.ActiveCfg = Debug|Any CPU
		{76DFC73B-79D0-4931-8088-A5F85FE99729}.Debug|x64.Build.0 = Debug|Any CPU
		{76DFC73B-79D0-4931-8088-A5F85FE99729}.Debug|x86.ActiveCfg = Debug|Any CPU
		{76DFC73B-79D0-4931-8088-A5F85FE99729}.Debug|x86.Build.0 = Debug|Any CPU
		{76DFC73B-79D0-4931-8088-A5F85FE99729}.Release|Any CPU.ActiveCfg = Release|Any CPU
		{76DFC73B-79D0-4931-8088-A5F85FE99729}.Release|Any CPU.Build.0 = Release|Any CPU
		{76DFC73B-79D0-4931-8088-A5F85FE99729}.Release|x64.ActiveCfg = Release|Any CPU
		{76DFC73B-79D0-4931-8088-A5F85FE99729}.Release|x64.Build.0 = Release|Any CPU
		{76DFC73B-79D0-4931-8088-A5F85FE99729}.Release|x86.ActiveCfg = Release|Any CPU
		{76DFC73B-79D0-4931-8088-A5F85FE99729}.Release|x86.Build.0 = Release|Any CPU
	EndGlobalSection
	GlobalSection(SolutionProperties) = preSolution
		HideSolutionNode = FALSE
	EndGlobalSection
	GlobalSection(NestedProjects) = preSolution
		{55EFAE2F-A7CA-4917-A381-4A6EF5E79610} = {E3DCB78E-EE06-4EA3-88AC-762D8910387C}
		{14D67A8F-AC84-4E02-A588-7716EEA939F5} = {DF33E0FB-9790-4654-B60F-8AB22E0CC3D1}
		{93D64076-69BF-44FB-8BE3-6488B02DD59E} = {8FFDF555-DB50-45F9-9A2D-6410F39151C3}
		{57C57A6D-870C-4B5C-8E05-D8D082019F58} = {8FFDF555-DB50-45F9-9A2D-6410F39151C3}
		{FB2A867A-C0B4-4080-B617-3095D278334E} = {8FFDF555-DB50-45F9-9A2D-6410F39151C3}
		{542E108D-A378-499B-B5E0-2B1C436D8AEA} = {8FFDF555-DB50-45F9-9A2D-6410F39151C3}
		{E5B8ABBF-28AB-40ED-B8BF-32C278F665A9} = {8FFDF555-DB50-45F9-9A2D-6410F39151C3}
		{76DFC73B-79D0-4931-8088-A5F85FE99729} = {8FFDF555-DB50-45F9-9A2D-6410F39151C3}
	EndGlobalSection
	GlobalSection(ExtensibilityGlobals) = postSolution
		SolutionGuid = {439897C2-CCBD-44FE-B2DC-A3E4670ADA59}
	EndGlobalSection
EndGlobal
